// !$*UTF8*$!
{
	archiveVersion = 1;
	classes = {
	};
	objectVersion = 46;
	objects = {

/* Begin PBXBuildFile section */
		7B1A3DA31FC752D6000164EF /* ThenextPage.png in Resources */ = {isa = PBXBuildFile; fileRef = 7B1A3DA21FC752D6000164EF /* ThenextPage.png */; };
		7B1A3DA51FC75338000164EF /* TheBbackPage.png in Resources */ = {isa = PBXBuildFile; fileRef = 7B1A3DA41FC75338000164EF /* TheBbackPage.png */; };
		7B6C827B1FB9AF2500F5AA56 /* main.m in Sources */ = {isa = PBXBuildFile; fileRef = 7B6C827A1FB9AF2500F5AA56 /* main.m */; };
		7B6C827E1FB9AF2500F5AA56 /* AppDelegate.m in Sources */ = {isa = PBXBuildFile; fileRef = 7B6C827D1FB9AF2500F5AA56 /* AppDelegate.m */; };
		7B6C82811FB9AF2500F5AA56 /* ViewController.m in Sources */ = {isa = PBXBuildFile; fileRef = 7B6C82801FB9AF2500F5AA56 /* ViewController.m */; };
		7B6C82841FB9AF2500F5AA56 /* Main.storyboard in Resources */ = {isa = PBXBuildFile; fileRef = 7B6C82821FB9AF2500F5AA56 /* Main.storyboard */; };
		7B6C82861FB9AF2500F5AA56 /* Assets.xcassets in Resources */ = {isa = PBXBuildFile; fileRef = 7B6C82851FB9AF2500F5AA56 /* Assets.xcassets */; };
		7B6C82891FB9AF2500F5AA56 /* LaunchScreen.storyboard in Resources */ = {isa = PBXBuildFile; fileRef = 7B6C82871FB9AF2500F5AA56 /* LaunchScreen.storyboard */; };
		7B6C82941FB9AF2500F5AA56 /* GameTests.m in Sources */ = {isa = PBXBuildFile; fileRef = 7B6C82931FB9AF2500F5AA56 /* GameTests.m */; };
		7B6C829F1FB9AF2500F5AA56 /* GameUITests.m in Sources */ = {isa = PBXBuildFile; fileRef = 7B6C829E1FB9AF2500F5AA56 /* GameUITests.m */; };
		7B76F5ED1FBC5EC000B81A24 /* Ccontra theme.png in Resources */ = {isa = PBXBuildFile; fileRef = 7B76F5EC1FBC5EC000B81A24 /* Ccontra theme.png */; };
		7B76F5EF1FBC5EEC00B81A24 /* Ddonkey-kong theme.png in Resources */ = {isa = PBXBuildFile; fileRef = 7B76F5EE1FBC5EEC00B81A24 /* Ddonkey-kong theme.png */; };
		7B76F5F11FBC5EF200B81A24 /* Mmario theme.png in Resources */ = {isa = PBXBuildFile; fileRef = 7B76F5F01FBC5EF200B81A24 /* Mmario theme.png */; };
		7B76F5F31FBC5EF800B81A24 /* Ppac-man theme.png in Resources */ = {isa = PBXBuildFile; fileRef = 7B76F5F21FBC5EF800B81A24 /* Ppac-man theme.png */; };
		7B81AC171FBA45CA00B297E6 /* Back logo.png in Resources */ = {isa = PBXBuildFile; fileRef = 7B81ABFF1FBA45C900B297E6 /* Back logo.png */; };
		7B81AC181FBA45CA00B297E6 /* banana.jpg.png in Resources */ = {isa = PBXBuildFile; fileRef = 7B81AC001FBA45C900B297E6 /* banana.jpg.png */; };
		7B81AC191FBA45CA00B297E6 /* Barrel.jpg in Resources */ = {isa = PBXBuildFile; fileRef = 7B81AC011FBA45C900B297E6 /* Barrel.jpg */; };
		7B81AC1A1FBA45CA00B297E6 /* Conta-s.png in Resources */ = {isa = PBXBuildFile; fileRef = 7B81AC021FBA45C900B297E6 /* Conta-s.png */; };
		7B81AC1B1FBA45CA00B297E6 /* Contra logo.png in Resources */ = {isa = PBXBuildFile; fileRef = 7B81AC031FBA45C900B297E6 /* Contra logo.png */; };
		7B81AC1C1FBA45CA00B297E6 /* contra-boss.png in Resources */ = {isa = PBXBuildFile; fileRef = 7B81AC041FBA45C900B297E6 /* contra-boss.png */; };
		7B81AC1D1FBA45CA00B297E6 /* Donkey-Kong logo.png in Resources */ = {isa = PBXBuildFile; fileRef = 7B81AC051FBA45C900B297E6 /* Donkey-Kong logo.png */; };
		7B81AC1E1FBA45CA00B297E6 /* Exit logo.png in Resources */ = {isa = PBXBuildFile; fileRef = 7B81AC061FBA45C900B297E6 /* Exit logo.png */; };
		7B81AC1F1FBA45CA00B297E6 /* fruit-pac.png in Resources */ = {isa = PBXBuildFile; fileRef = 7B81AC071FBA45C900B297E6 /* fruit-pac.png */; };
		7B81AC201FBA45CA00B297E6 /* goast-pac.png in Resources */ = {isa = PBXBuildFile; fileRef = 7B81AC081FBA45C900B297E6 /* goast-pac.png */; };
		7B81AC211FBA45CA00B297E6 /* goomba.png in Resources */ = {isa = PBXBuildFile; fileRef = 7B81AC091FBA45C900B297E6 /* goomba.png */; };
		7B81AC221FBA45CA00B297E6 /* Green ball.png in Resources */ = {isa = PBXBuildFile; fileRef = 7B81AC0A1FBA45C900B297E6 /* Green ball.png */; };
		7B81AC231FBA45CA00B297E6 /* Green-down-button.png in Resources */ = {isa = PBXBuildFile; fileRef = 7B81AC0B1FBA45C900B297E6 /* Green-down-button.png */; };
		7B81AC241FBA45CA00B297E6 /* Green-up-button.png in Resources */ = {isa = PBXBuildFile; fileRef = 7B81AC0C1FBA45C900B297E6 /* Green-up-button.png */; };
		7B81AC251FBA45CA00B297E6 /* Home menu.png in Resources */ = {isa = PBXBuildFile; fileRef = 7B81AC0D1FBA45C900B297E6 /* Home menu.png */; };
		7B81AC261FBA45CA00B297E6 /* LaunchScreen Logo.png in Resources */ = {isa = PBXBuildFile; fileRef = 7B81AC0E1FBA45C900B297E6 /* LaunchScreen Logo.png */; };
		7B81AC271FBA45CA00B297E6 /* Mario logo.png in Resources */ = {isa = PBXBuildFile; fileRef = 7B81AC0F1FBA45C900B297E6 /* Mario logo.png */; };
		7B81AC281FBA45CA00B297E6 /* mashroom mario.png in Resources */ = {isa = PBXBuildFile; fileRef = 7B81AC101FBA45C900B297E6 /* mashroom mario.png */; };
		7B81AC291FBA45CA00B297E6 /* Pac-man logo.png in Resources */ = {isa = PBXBuildFile; fileRef = 7B81AC111FBA45C900B297E6 /* Pac-man logo.png */; };
		7B81AC2A1FBA45CA00B297E6 /* Play logo.png in Resources */ = {isa = PBXBuildFile; fileRef = 7B81AC121FBA45C900B297E6 /* Play logo.png */; };
		7B81AC2B1FBA45CA00B297E6 /* Red ball.png in Resources */ = {isa = PBXBuildFile; fileRef = 7B81AC131FBA45C900B297E6 /* Red ball.png */; };
		7B81AC2C1FBA45CA00B297E6 /* Red&Green.png in Resources */ = {isa = PBXBuildFile; fileRef = 7B81AC141FBA45C900B297E6 /* Red&Green.png */; };
		7B81AC2D1FBA45CA00B297E6 /* Stick-man logo.png in Resources */ = {isa = PBXBuildFile; fileRef = 7B81AC151FBA45C900B297E6 /* Stick-man logo.png */; };
		7B81AC2E1FBA45CA00B297E6 /* Tunnel.png in Resources */ = {isa = PBXBuildFile; fileRef = 7B81AC161FBA45C900B297E6 /* Tunnel.png */; };
		7B909DF61FC6F1C400AEA780 /* GameOver.m in Sources */ = {isa = PBXBuildFile; fileRef = 7B909DF51FC6F1C400AEA780 /* GameOver.m */; };
		FE632AB51FBDC6C400D89391 /* ObjectCustom.m in Sources */ = {isa = PBXBuildFile; fileRef = FE632AB41FBDC6C400D89391 /* ObjectCustom.m */; };
		FE632AB81FBDC6DC00D89391 /* CharacterCustom.m in Sources */ = {isa = PBXBuildFile; fileRef = FE632AB71FBDC6DC00D89391 /* CharacterCustom.m */; };
		FE632ABB1FBDC6F200D89391 /* Statistics.m in Sources */ = {isa = PBXBuildFile; fileRef = FE632ABA1FBDC6F200D89391 /* Statistics.m */; };
		FE632ABE1FBDC70400D89391 /* GamePlay.m in Sources */ = {isa = PBXBuildFile; fileRef = FE632ABD1FBDC70400D89391 /* GamePlay.m */; };
		FEC2778A1FBDC9DF00B3AD9F /* 1Donkey-kong theme.png in Resources */ = {isa = PBXBuildFile; fileRef = FEC277891FBDC9DF00B3AD9F /* 1Donkey-kong theme.png */; };
/* End PBXBuildFile section */

/* Begin PBXContainerItemProxy section */
		7B6C82901FB9AF2500F5AA56 /* PBXContainerItemProxy */ = {
			isa = PBXContainerItemProxy;
			containerPortal = 7B6C826E1FB9AF2500F5AA56 /* Project object */;
			proxyType = 1;
			remoteGlobalIDString = 7B6C82751FB9AF2500F5AA56;
			remoteInfo = Game;
		};
		7B6C829B1FB9AF2500F5AA56 /* PBXContainerItemProxy */ = {
			isa = PBXContainerItemProxy;
			containerPortal = 7B6C826E1FB9AF2500F5AA56 /* Project object */;
			proxyType = 1;
			remoteGlobalIDString = 7B6C82751FB9AF2500F5AA56;
			remoteInfo = Game;
		};
/* End PBXContainerItemProxy section */

/* Begin PBXFileReference section */
		7B1A3DA21FC752D6000164EF /* ThenextPage.png */ = {isa = PBXFileReference; lastKnownFileType = image.png; path = ThenextPage.png; sourceTree = "<group>"; };
		7B1A3DA41FC75338000164EF /* TheBbackPage.png */ = {isa = PBXFileReference; lastKnownFileType = image.png; path = TheBbackPage.png; sourceTree = "<group>"; };
		7B6C82761FB9AF2500F5AA56 /* Game.app */ = {isa = PBXFileReference; explicitFileType = wrapper.application; includeInIndex = 0; path = Game.app; sourceTree = BUILT_PRODUCTS_DIR; };
		7B6C827A1FB9AF2500F5AA56 /* main.m */ = {isa = PBXFileReference; lastKnownFileType = sourcecode.c.objc; path = main.m; sourceTree = "<group>"; };
		7B6C827C1FB9AF2500F5AA56 /* AppDelegate.h */ = {isa = PBXFileReference; lastKnownFileType = sourcecode.c.h; path = AppDelegate.h; sourceTree = "<group>"; };
		7B6C827D1FB9AF2500F5AA56 /* AppDelegate.m */ = {isa = PBXFileReference; lastKnownFileType = sourcecode.c.objc; path = AppDelegate.m; sourceTree = "<group>"; };
		7B6C827F1FB9AF2500F5AA56 /* ViewController.h */ = {isa = PBXFileReference; lastKnownFileType = sourcecode.c.h; path = ViewController.h; sourceTree = "<group>"; };
		7B6C82801FB9AF2500F5AA56 /* ViewController.m */ = {isa = PBXFileReference; lastKnownFileType = sourcecode.c.objc; path = ViewController.m; sourceTree = "<group>"; };
		7B6C82831FB9AF2500F5AA56 /* Base */ = {isa = PBXFileReference; lastKnownFileType = file.storyboard; name = Base; path = Base.lproj/Main.storyboard; sourceTree = "<group>"; };
		7B6C82851FB9AF2500F5AA56 /* Assets.xcassets */ = {isa = PBXFileReference; lastKnownFileType = folder.assetcatalog; path = Assets.xcassets; sourceTree = "<group>"; };
		7B6C82881FB9AF2500F5AA56 /* Base */ = {isa = PBXFileReference; lastKnownFileType = file.storyboard; name = Base; path = Base.lproj/LaunchScreen.storyboard; sourceTree = "<group>"; };
		7B6C828A1FB9AF2500F5AA56 /* Info.plist */ = {isa = PBXFileReference; lastKnownFileType = text.plist.xml; path = Info.plist; sourceTree = "<group>"; };
		7B6C828F1FB9AF2500F5AA56 /* GameTests.xctest */ = {isa = PBXFileReference; explicitFileType = wrapper.cfbundle; includeInIndex = 0; path = GameTests.xctest; sourceTree = BUILT_PRODUCTS_DIR; };
		7B6C82931FB9AF2500F5AA56 /* GameTests.m */ = {isa = PBXFileReference; lastKnownFileType = sourcecode.c.objc; path = GameTests.m; sourceTree = "<group>"; };
		7B6C82951FB9AF2500F5AA56 /* Info.plist */ = {isa = PBXFileReference; lastKnownFileType = text.plist.xml; path = Info.plist; sourceTree = "<group>"; };
		7B6C829A1FB9AF2500F5AA56 /* GameUITests.xctest */ = {isa = PBXFileReference; explicitFileType = wrapper.cfbundle; includeInIndex = 0; path = GameUITests.xctest; sourceTree = BUILT_PRODUCTS_DIR; };
		7B6C829E1FB9AF2500F5AA56 /* GameUITests.m */ = {isa = PBXFileReference; lastKnownFileType = sourcecode.c.objc; path = GameUITests.m; sourceTree = "<group>"; };
		7B6C82A01FB9AF2500F5AA56 /* Info.plist */ = {isa = PBXFileReference; lastKnownFileType = text.plist.xml; path = Info.plist; sourceTree = "<group>"; };
		7B76F5EC1FBC5EC000B81A24 /* Ccontra theme.png */ = {isa = PBXFileReference; lastKnownFileType = image.png; path = "Ccontra theme.png"; sourceTree = "<group>"; };
		7B76F5EE1FBC5EEC00B81A24 /* Ddonkey-kong theme.png */ = {isa = PBXFileReference; lastKnownFileType = image.png; path = "Ddonkey-kong theme.png"; sourceTree = "<group>"; };
		7B76F5F01FBC5EF200B81A24 /* Mmario theme.png */ = {isa = PBXFileReference; lastKnownFileType = image.png; path = "Mmario theme.png"; sourceTree = "<group>"; };
		7B76F5F21FBC5EF800B81A24 /* Ppac-man theme.png */ = {isa = PBXFileReference; lastKnownFileType = image.png; path = "Ppac-man theme.png"; sourceTree = "<group>"; };
		7B81ABFF1FBA45C900B297E6 /* Back logo.png */ = {isa = PBXFileReference; lastKnownFileType = image.png; path = "Back logo.png"; sourceTree = "<group>"; };
		7B81AC001FBA45C900B297E6 /* banana.jpg.png */ = {isa = PBXFileReference; lastKnownFileType = image.png; path = banana.jpg.png; sourceTree = "<group>"; };
		7B81AC011FBA45C900B297E6 /* Barrel.jpg */ = {isa = PBXFileReference; lastKnownFileType = image.jpeg; path = Barrel.jpg; sourceTree = "<group>"; };
		7B81AC021FBA45C900B297E6 /* Conta-s.png */ = {isa = PBXFileReference; lastKnownFileType = image.png; path = "Conta-s.png"; sourceTree = "<group>"; };
		7B81AC031FBA45C900B297E6 /* Contra logo.png */ = {isa = PBXFileReference; lastKnownFileType = image.png; path = "Contra logo.png"; sourceTree = "<group>"; };
		7B81AC041FBA45C900B297E6 /* contra-boss.png */ = {isa = PBXFileReference; lastKnownFileType = image.png; path = "contra-boss.png"; sourceTree = "<group>"; };
		7B81AC051FBA45C900B297E6 /* Donkey-Kong logo.png */ = {isa = PBXFileReference; lastKnownFileType = image.png; path = "Donkey-Kong logo.png"; sourceTree = "<group>"; };
		7B81AC061FBA45C900B297E6 /* Exit logo.png */ = {isa = PBXFileReference; lastKnownFileType = image.png; path = "Exit logo.png"; sourceTree = "<group>"; };
		7B81AC071FBA45C900B297E6 /* fruit-pac.png */ = {isa = PBXFileReference; lastKnownFileType = image.png; path = "fruit-pac.png"; sourceTree = "<group>"; };
		7B81AC081FBA45C900B297E6 /* goast-pac.png */ = {isa = PBXFileReference; lastKnownFileType = image.png; path = "goast-pac.png"; sourceTree = "<group>"; };
		7B81AC091FBA45C900B297E6 /* goomba.png */ = {isa = PBXFileReference; lastKnownFileType = image.png; path = goomba.png; sourceTree = "<group>"; };
		7B81AC0A1FBA45C900B297E6 /* Green ball.png */ = {isa = PBXFileReference; lastKnownFileType = image.png; path = "Green ball.png"; sourceTree = "<group>"; };
		7B81AC0B1FBA45C900B297E6 /* Green-down-button.png */ = {isa = PBXFileReference; lastKnownFileType = image.png; path = "Green-down-button.png"; sourceTree = "<group>"; };
		7B81AC0C1FBA45C900B297E6 /* Green-up-button.png */ = {isa = PBXFileReference; lastKnownFileType = image.png; path = "Green-up-button.png"; sourceTree = "<group>"; };
		7B81AC0D1FBA45C900B297E6 /* Home menu.png */ = {isa = PBXFileReference; lastKnownFileType = image.png; path = "Home menu.png"; sourceTree = "<group>"; };
		7B81AC0E1FBA45C900B297E6 /* LaunchScreen Logo.png */ = {isa = PBXFileReference; lastKnownFileType = image.png; path = "LaunchScreen Logo.png"; sourceTree = "<group>"; };
		7B81AC0F1FBA45C900B297E6 /* Mario logo.png */ = {isa = PBXFileReference; lastKnownFileType = image.png; path = "Mario logo.png"; sourceTree = "<group>"; };
		7B81AC101FBA45C900B297E6 /* mashroom mario.png */ = {isa = PBXFileReference; lastKnownFileType = image.png; path = "mashroom mario.png"; sourceTree = "<group>"; };
		7B81AC111FBA45C900B297E6 /* Pac-man logo.png */ = {isa = PBXFileReference; lastKnownFileType = image.png; path = "Pac-man logo.png"; sourceTree = "<group>"; };
		7B81AC121FBA45C900B297E6 /* Play logo.png */ = {isa = PBXFileReference; lastKnownFileType = image.png; path = "Play logo.png"; sourceTree = "<group>"; };
		7B81AC131FBA45C900B297E6 /* Red ball.png */ = {isa = PBXFileReference; lastKnownFileType = image.png; path = "Red ball.png"; sourceTree = "<group>"; };
		7B81AC141FBA45C900B297E6 /* Red&Green.png */ = {isa = PBXFileReference; lastKnownFileType = image.png; path = "Red&Green.png"; sourceTree = "<group>"; };
		7B81AC151FBA45C900B297E6 /* Stick-man logo.png */ = {isa = PBXFileReference; lastKnownFileType = image.png; path = "Stick-man logo.png"; sourceTree = "<group>"; };
		7B81AC161FBA45C900B297E6 /* Tunnel.png */ = {isa = PBXFileReference; lastKnownFileType = image.png; path = Tunnel.png; sourceTree = "<group>"; };
		7B909DF41FC6F1C400AEA780 /* GameOver.h */ = {isa = PBXFileReference; fileEncoding = 4; lastKnownFileType = sourcecode.c.h; path = GameOver.h; sourceTree = "<group>"; };
		7B909DF51FC6F1C400AEA780 /* GameOver.m */ = {isa = PBXFileReference; fileEncoding = 4; lastKnownFileType = sourcecode.c.objc; path = GameOver.m; sourceTree = "<group>"; };
		FE632AB31FBDC6C400D89391 /* ObjectCustom.h */ = {isa = PBXFileReference; fileEncoding = 4; lastKnownFileType = sourcecode.c.h; path = ObjectCustom.h; sourceTree = "<group>"; };
		FE632AB41FBDC6C400D89391 /* ObjectCustom.m */ = {isa = PBXFileReference; fileEncoding = 4; lastKnownFileType = sourcecode.c.objc; path = ObjectCustom.m; sourceTree = "<group>"; };
		FE632AB61FBDC6DC00D89391 /* CharacterCustom.h */ = {isa = PBXFileReference; fileEncoding = 4; lastKnownFileType = sourcecode.c.h; path = CharacterCustom.h; sourceTree = "<group>"; };
		FE632AB71FBDC6DC00D89391 /* CharacterCustom.m */ = {isa = PBXFileReference; fileEncoding = 4; lastKnownFileType = sourcecode.c.objc; path = CharacterCustom.m; sourceTree = "<group>"; };
		FE632AB91FBDC6F200D89391 /* Statistics.h */ = {isa = PBXFileReference; fileEncoding = 4; lastKnownFileType = sourcecode.c.h; path = Statistics.h; sourceTree = "<group>"; };
		FE632ABA1FBDC6F200D89391 /* Statistics.m */ = {isa = PBXFileReference; fileEncoding = 4; lastKnownFileType = sourcecode.c.objc; path = Statistics.m; sourceTree = "<group>"; };
		FE632ABC1FBDC70400D89391 /* GamePlay.h */ = {isa = PBXFileReference; fileEncoding = 4; lastKnownFileType = sourcecode.c.h; path = GamePlay.h; sourceTree = "<group>"; };
		FE632ABD1FBDC70400D89391 /* GamePlay.m */ = {isa = PBXFileReference; fileEncoding = 4; lastKnownFileType = sourcecode.c.objc; path = GamePlay.m; sourceTree = "<group>"; };
		FEC277891FBDC9DF00B3AD9F /* 1Donkey-kong theme.png */ = {isa = PBXFileReference; lastKnownFileType = image.png; path = "1Donkey-kong theme.png"; sourceTree = "<group>"; };
/* End PBXFileReference section */

/* Begin PBXFrameworksBuildPhase section */
		7B6C82731FB9AF2500F5AA56 /* Frameworks */ = {
			isa = PBXFrameworksBuildPhase;
			buildActionMask = 2147483647;
			files = (
			);
			runOnlyForDeploymentPostprocessing = 0;
		};
		7B6C828C1FB9AF2500F5AA56 /* Frameworks */ = {
			isa = PBXFrameworksBuildPhase;
			buildActionMask = 2147483647;
			files = (
			);
			runOnlyForDeploymentPostprocessing = 0;
		};
		7B6C82971FB9AF2500F5AA56 /* Frameworks */ = {
			isa = PBXFrameworksBuildPhase;
			buildActionMask = 2147483647;
			files = (
			);
			runOnlyForDeploymentPostprocessing = 0;
		};
/* End PBXFrameworksBuildPhase section */

/* Begin PBXGroup section */
		7B6C826D1FB9AF2500F5AA56 = {
			isa = PBXGroup;
			children = (
				7B81ABFE1FBA45BA00B297E6 /* Pictures */,
				7B6C82781FB9AF2500F5AA56 /* Game */,
				7B6C82921FB9AF2500F5AA56 /* GameTests */,
				7B6C829D1FB9AF2500F5AA56 /* GameUITests */,
				7B6C82771FB9AF2500F5AA56 /* Products */,
			);
			sourceTree = "<group>";
		};
		7B6C82771FB9AF2500F5AA56 /* Products */ = {
			isa = PBXGroup;
			children = (
				7B6C82761FB9AF2500F5AA56 /* Game.app */,
				7B6C828F1FB9AF2500F5AA56 /* GameTests.xctest */,
				7B6C829A1FB9AF2500F5AA56 /* GameUITests.xctest */,
			);
			name = Products;
			sourceTree = "<group>";
		};
		7B6C82781FB9AF2500F5AA56 /* Game */ = {
			isa = PBXGroup;
			children = (
				7B6C827C1FB9AF2500F5AA56 /* AppDelegate.h */,
				7B6C827D1FB9AF2500F5AA56 /* AppDelegate.m */,
				7B6C827F1FB9AF2500F5AA56 /* ViewController.h */,
				7B6C82801FB9AF2500F5AA56 /* ViewController.m */,
				FE632AB31FBDC6C400D89391 /* ObjectCustom.h */,
				7B909DF41FC6F1C400AEA780 /* GameOver.h */,
				7B909DF51FC6F1C400AEA780 /* GameOver.m */,
				FE632AB41FBDC6C400D89391 /* ObjectCustom.m */,
				FE632AB61FBDC6DC00D89391 /* CharacterCustom.h */,
				FE632AB71FBDC6DC00D89391 /* CharacterCustom.m */,
				FE632AB91FBDC6F200D89391 /* Statistics.h */,
				FE632ABA1FBDC6F200D89391 /* Statistics.m */,
				FE632ABC1FBDC70400D89391 /* GamePlay.h */,
				FE632ABD1FBDC70400D89391 /* GamePlay.m */,
				7B6C82821FB9AF2500F5AA56 /* Main.storyboard */,
				7B6C82851FB9AF2500F5AA56 /* Assets.xcassets */,
				7B6C82871FB9AF2500F5AA56 /* LaunchScreen.storyboard */,
				7B6C828A1FB9AF2500F5AA56 /* Info.plist */,
				7B6C82791FB9AF2500F5AA56 /* Supporting Files */,
			);
			path = Game;
			sourceTree = "<group>";
		};
		7B6C82791FB9AF2500F5AA56 /* Supporting Files */ = {
			isa = PBXGroup;
			children = (
				7B6C827A1FB9AF2500F5AA56 /* main.m */,
			);
			name = "Supporting Files";
			sourceTree = "<group>";
		};
		7B6C82921FB9AF2500F5AA56 /* GameTests */ = {
			isa = PBXGroup;
			children = (
				7B6C82931FB9AF2500F5AA56 /* GameTests.m */,
				7B6C82951FB9AF2500F5AA56 /* Info.plist */,
			);
			path = GameTests;
			sourceTree = "<group>";
		};
		7B6C829D1FB9AF2500F5AA56 /* GameUITests */ = {
			isa = PBXGroup;
			children = (
				7B6C829E1FB9AF2500F5AA56 /* GameUITests.m */,
				7B6C82A01FB9AF2500F5AA56 /* Info.plist */,
			);
			path = GameUITests;
			sourceTree = "<group>";
		};
		7B81ABFE1FBA45BA00B297E6 /* Pictures */ = {
			isa = PBXGroup;
			children = (
				7B81ABFF1FBA45C900B297E6 /* Back logo.png */,
				7B81AC001FBA45C900B297E6 /* banana.jpg.png */,
				7B81AC011FBA45C900B297E6 /* Barrel.jpg */,
				7B81AC021FBA45C900B297E6 /* Conta-s.png */,
				7B76F5F21FBC5EF800B81A24 /* Ppac-man theme.png */,
				7B76F5F01FBC5EF200B81A24 /* Mmario theme.png */,
				7B81AC031FBA45C900B297E6 /* Contra logo.png */,
				7B1A3DA41FC75338000164EF /* TheBbackPage.png */,
				7B81AC041FBA45C900B297E6 /* contra-boss.png */,
				7B1A3DA21FC752D6000164EF /* ThenextPage.png */,
				7B76F5EE1FBC5EEC00B81A24 /* Ddonkey-kong theme.png */,
				7B81AC051FBA45C900B297E6 /* Donkey-Kong logo.png */,
				FEC277891FBDC9DF00B3AD9F /* 1Donkey-kong theme.png */,
				7B81AC061FBA45C900B297E6 /* Exit logo.png */,
				7B81AC071FBA45C900B297E6 /* fruit-pac.png */,
				7B76F5EC1FBC5EC000B81A24 /* Ccontra theme.png */,
				7B81AC081FBA45C900B297E6 /* goast-pac.png */,
				7B81AC091FBA45C900B297E6 /* goomba.png */,
				7B81AC0A1FBA45C900B297E6 /* Green ball.png */,
				7B81AC0B1FBA45C900B297E6 /* Green-down-button.png */,
				7B81AC0C1FBA45C900B297E6 /* Green-up-button.png */,
				7B81AC0D1FBA45C900B297E6 /* Home menu.png */,
				7B81AC0E1FBA45C900B297E6 /* LaunchScreen Logo.png */,
				7B81AC0F1FBA45C900B297E6 /* Mario logo.png */,
				7B81AC101FBA45C900B297E6 /* mashroom mario.png */,
				7B81AC111FBA45C900B297E6 /* Pac-man logo.png */,
				7B81AC121FBA45C900B297E6 /* Play logo.png */,
				7B81AC131FBA45C900B297E6 /* Red ball.png */,
				7B81AC141FBA45C900B297E6 /* Red&Green.png */,
				7B81AC151FBA45C900B297E6 /* Stick-man logo.png */,
				7B81AC161FBA45C900B297E6 /* Tunnel.png */,
			);
			name = Pictures;
			sourceTree = "<group>";
		};
/* End PBXGroup section */

/* Begin PBXNativeTarget section */
		7B6C82751FB9AF2500F5AA56 /* Game */ = {
			isa = PBXNativeTarget;
			buildConfigurationList = 7B6C82A31FB9AF2500F5AA56 /* Build configuration list for PBXNativeTarget "Game" */;
			buildPhases = (
				7B6C82721FB9AF2500F5AA56 /* Sources */,
				7B6C82731FB9AF2500F5AA56 /* Frameworks */,
				7B6C82741FB9AF2500F5AA56 /* Resources */,
			);
			buildRules = (
			);
			dependencies = (
			);
			name = Game;
			productName = Game;
			productReference = 7B6C82761FB9AF2500F5AA56 /* Game.app */;
			productType = "com.apple.product-type.application";
		};
		7B6C828E1FB9AF2500F5AA56 /* GameTests */ = {
			isa = PBXNativeTarget;
			buildConfigurationList = 7B6C82A61FB9AF2500F5AA56 /* Build configuration list for PBXNativeTarget "GameTests" */;
			buildPhases = (
				7B6C828B1FB9AF2500F5AA56 /* Sources */,
				7B6C828C1FB9AF2500F5AA56 /* Frameworks */,
				7B6C828D1FB9AF2500F5AA56 /* Resources */,
			);
			buildRules = (
			);
			dependencies = (
				7B6C82911FB9AF2500F5AA56 /* PBXTargetDependency */,
			);
			name = GameTests;
			productName = GameTests;
			productReference = 7B6C828F1FB9AF2500F5AA56 /* GameTests.xctest */;
			productType = "com.apple.product-type.bundle.unit-test";
		};
		7B6C82991FB9AF2500F5AA56 /* GameUITests */ = {
			isa = PBXNativeTarget;
			buildConfigurationList = 7B6C82A91FB9AF2500F5AA56 /* Build configuration list for PBXNativeTarget "GameUITests" */;
			buildPhases = (
				7B6C82961FB9AF2500F5AA56 /* Sources */,
				7B6C82971FB9AF2500F5AA56 /* Frameworks */,
				7B6C82981FB9AF2500F5AA56 /* Resources */,
			);
			buildRules = (
			);
			dependencies = (
				7B6C829C1FB9AF2500F5AA56 /* PBXTargetDependency */,
			);
			name = GameUITests;
			productName = GameUITests;
			productReference = 7B6C829A1FB9AF2500F5AA56 /* GameUITests.xctest */;
			productType = "com.apple.product-type.bundle.ui-testing";
		};
/* End PBXNativeTarget section */

/* Begin PBXProject section */
		7B6C826E1FB9AF2500F5AA56 /* Project object */ = {
			isa = PBXProject;
			attributes = {
				LastUpgradeCheck = 0830;
				ORGANIZATIONNAME = "Augustas Jackevic (el16a2j)";
				TargetAttributes = {
					7B6C82751FB9AF2500F5AA56 = {
						CreatedOnToolsVersion = 8.3.3;
						ProvisioningStyle = Automatic;
					};
					7B6C828E1FB9AF2500F5AA56 = {
						CreatedOnToolsVersion = 8.3.3;
						ProvisioningStyle = Automatic;
						TestTargetID = 7B6C82751FB9AF2500F5AA56;
					};
					7B6C82991FB9AF2500F5AA56 = {
						CreatedOnToolsVersion = 8.3.3;
						ProvisioningStyle = Automatic;
						TestTargetID = 7B6C82751FB9AF2500F5AA56;
					};
				};
			};
			buildConfigurationList = 7B6C82711FB9AF2500F5AA56 /* Build configuration list for PBXProject "Game" */;
			compatibilityVersion = "Xcode 3.2";
			developmentRegion = English;
			hasScannedForEncodings = 0;
			knownRegions = (
				en,
				Base,
			);
			mainGroup = 7B6C826D1FB9AF2500F5AA56;
			productRefGroup = 7B6C82771FB9AF2500F5AA56 /* Products */;
			projectDirPath = "";
			projectRoot = "";
			targets = (
				7B6C82751FB9AF2500F5AA56 /* Game */,
				7B6C828E1FB9AF2500F5AA56 /* GameTests */,
				7B6C82991FB9AF2500F5AA56 /* GameUITests */,
			);
		};
/* End PBXProject section */

/* Begin PBXResourcesBuildPhase section */
		7B6C82741FB9AF2500F5AA56 /* Resources */ = {
			isa = PBXResourcesBuildPhase;
			buildActionMask = 2147483647;
			files = (
				7B81AC251FBA45CA00B297E6 /* Home menu.png in Resources */,
				7B76F5EF1FBC5EEC00B81A24 /* Ddonkey-kong theme.png in Resources */,
				7B81AC281FBA45CA00B297E6 /* mashroom mario.png in Resources */,
				7B81AC181FBA45CA00B297E6 /* banana.jpg.png in Resources */,
				7B81AC271FBA45CA00B297E6 /* Mario logo.png in Resources */,
				7B6C82891FB9AF2500F5AA56 /* LaunchScreen.storyboard in Resources */,
				7B81AC241FBA45CA00B297E6 /* Green-up-button.png in Resources */,
				7B81AC201FBA45CA00B297E6 /* goast-pac.png in Resources */,
				7B81AC1B1FBA45CA00B297E6 /* Contra logo.png in Resources */,
				7B81AC1A1FBA45CA00B297E6 /* Conta-s.png in Resources */,
				7B6C82861FB9AF2500F5AA56 /* Assets.xcassets in Resources */,
				7B81AC211FBA45CA00B297E6 /* goomba.png in Resources */,
				7B81AC291FBA45CA00B297E6 /* Pac-man logo.png in Resources */,
				7B81AC231FBA45CA00B297E6 /* Green-down-button.png in Resources */,
				7B76F5F31FBC5EF800B81A24 /* Ppac-man theme.png in Resources */,
				7B76F5ED1FBC5EC000B81A24 /* Ccontra theme.png in Resources */,
				7B81AC2B1FBA45CA00B297E6 /* Red ball.png in Resources */,
				7B1A3DA31FC752D6000164EF /* ThenextPage.png in Resources */,
				7B81AC1C1FBA45CA00B297E6 /* contra-boss.png in Resources */,
				7B81AC1D1FBA45CA00B297E6 /* Donkey-Kong logo.png in Resources */,
				FEC2778A1FBDC9DF00B3AD9F /* 1Donkey-kong theme.png in Resources */,
				7B81AC1F1FBA45CA00B297E6 /* fruit-pac.png in Resources */,
				7B81AC171FBA45CA00B297E6 /* Back logo.png in Resources */,
				7B81AC221FBA45CA00B297E6 /* Green ball.png in Resources */,
				7B1A3DA51FC75338000164EF /* TheBbackPage.png in Resources */,
				7B81AC2A1FBA45CA00B297E6 /* Play logo.png in Resources */,
				7B81AC261FBA45CA00B297E6 /* LaunchScreen Logo.png in Resources */,
				7B81AC2D1FBA45CA00B297E6 /* Stick-man logo.png in Resources */,
				7B6C82841FB9AF2500F5AA56 /* Main.storyboard in Resources */,
				7B81AC191FBA45CA00B297E6 /* Barrel.jpg in Resources */,
				7B81AC1E1FBA45CA00B297E6 /* Exit logo.png in Resources */,
				7B81AC2E1FBA45CA00B297E6 /* Tunnel.png in Resources */,
				7B81AC2C1FBA45CA00B297E6 /* Red&Green.png in Resources */,
				7B76F5F11FBC5EF200B81A24 /* Mmario theme.png in Resources */,
			);
			runOnlyForDeploymentPostprocessing = 0;
		};
		7B6C828D1FB9AF2500F5AA56 /* Resources */ = {
			isa = PBXResourcesBuildPhase;
			buildActionMask = 2147483647;
			files = (
			);
			runOnlyForDeploymentPostprocessing = 0;
		};
		7B6C82981FB9AF2500F5AA56 /* Resources */ = {
			isa = PBXResourcesBuildPhase;
			buildActionMask = 2147483647;
			files = (
			);
			runOnlyForDeploymentPostprocessing = 0;
		};
/* End PBXResourcesBuildPhase section */

/* Begin PBXSourcesBuildPhase section */
		7B6C82721FB9AF2500F5AA56 /* Sources */ = {
			isa = PBXSourcesBuildPhase;
			buildActionMask = 2147483647;
			files = (
				7B6C82811FB9AF2500F5AA56 /* ViewController.m in Sources */,
				7B6C827E1FB9AF2500F5AA56 /* AppDelegate.m in Sources */,
				7B6C827B1FB9AF2500F5AA56 /* main.m in Sources */,
				7B909DF61FC6F1C400AEA780 /* GameOver.m in Sources */,
				FE632AB81FBDC6DC00D89391 /* CharacterCustom.m in Sources */,
				FE632ABB1FBDC6F200D89391 /* Statistics.m in Sources */,
				FE632AB51FBDC6C400D89391 /* ObjectCustom.m in Sources */,
				FE632ABE1FBDC70400D89391 /* GamePlay.m in Sources */,
			);
			runOnlyForDeploymentPostprocessing = 0;
		};
		7B6C828B1FB9AF2500F5AA56 /* Sources */ = {
			isa = PBXSourcesBuildPhase;
			buildActionMask = 2147483647;
			files = (
				7B6C82941FB9AF2500F5AA56 /* GameTests.m in Sources */,
			);
			runOnlyForDeploymentPostprocessing = 0;
		};
		7B6C82961FB9AF2500F5AA56 /* Sources */ = {
			isa = PBXSourcesBuildPhase;
			buildActionMask = 2147483647;
			files = (
				7B6C829F1FB9AF2500F5AA56 /* GameUITests.m in Sources */,
			);
			runOnlyForDeploymentPostprocessing = 0;
		};
/* End PBXSourcesBuildPhase section */

/* Begin PBXTargetDependency section */
		7B6C82911FB9AF2500F5AA56 /* PBXTargetDependency */ = {
			isa = PBXTargetDependency;
			target = 7B6C82751FB9AF2500F5AA56 /* Game */;
			targetProxy = 7B6C82901FB9AF2500F5AA56 /* PBXContainerItemProxy */;
		};
		7B6C829C1FB9AF2500F5AA56 /* PBXTargetDependency */ = {
			isa = PBXTargetDependency;
			target = 7B6C82751FB9AF2500F5AA56 /* Game */;
			targetProxy = 7B6C829B1FB9AF2500F5AA56 /* PBXContainerItemProxy */;
		};
/* End PBXTargetDependency section */

/* Begin PBXVariantGroup section */
		7B6C82821FB9AF2500F5AA56 /* Main.storyboard */ = {
			isa = PBXVariantGroup;
			children = (
				7B6C82831FB9AF2500F5AA56 /* Base */,
			);
			name = Main.storyboard;
			sourceTree = "<group>";
		};
		7B6C82871FB9AF2500F5AA56 /* LaunchScreen.storyboard */ = {
			isa = PBXVariantGroup;
			children = (
				7B6C82881FB9AF2500F5AA56 /* Base */,
			);
			name = LaunchScreen.storyboard;
			sourceTree = "<group>";
		};
/* End PBXVariantGroup section */

/* Begin XCBuildConfiguration section */
		7B6C82A11FB9AF2500F5AA56 /* Debug */ = {
			isa = XCBuildConfiguration;
			buildSettings = {
				ALWAYS_SEARCH_USER_PATHS = NO;
				CLANG_ANALYZER_NONNULL = YES;
				CLANG_ANALYZER_NUMBER_OBJECT_CONVERSION = YES_AGGRESSIVE;
				CLANG_CXX_LANGUAGE_STANDARD = "gnu++0x";
				CLANG_CXX_LIBRARY = "libc++";
				CLANG_ENABLE_MODULES = YES;
				CLANG_ENABLE_OBJC_ARC = YES;
				CLANG_WARN_BOOL_CONVERSION = YES;
				CLANG_WARN_CONSTANT_CONVERSION = YES;
				CLANG_WARN_DIRECT_OBJC_ISA_USAGE = YES_ERROR;
				CLANG_WARN_DOCUMENTATION_COMMENTS = YES;
				CLANG_WARN_EMPTY_BODY = YES;
				CLANG_WARN_ENUM_CONVERSION = YES;
				CLANG_WARN_INFINITE_RECURSION = YES;
				CLANG_WARN_INT_CONVERSION = YES;
				CLANG_WARN_OBJC_ROOT_CLASS = YES_ERROR;
				CLANG_WARN_SUSPICIOUS_MOVE = YES;
				CLANG_WARN_UNREACHABLE_CODE = YES;
				CLANG_WARN__DUPLICATE_METHOD_MATCH = YES;
				"CODE_SIGN_IDENTITY[sdk=iphoneos*]" = "iPhone Developer";
				COPY_PHASE_STRIP = NO;
				DEBUG_INFORMATION_FORMAT = dwarf;
				ENABLE_STRICT_OBJC_MSGSEND = YES;
				ENABLE_TESTABILITY = YES;
				GCC_C_LANGUAGE_STANDARD = gnu99;
				GCC_DYNAMIC_NO_PIC = NO;
				GCC_NO_COMMON_BLOCKS = YES;
				GCC_OPTIMIZATION_LEVEL = 0;
				GCC_PREPROCESSOR_DEFINITIONS = (
					"DEBUG=1",
					"$(inherited)",
				);
				GCC_WARN_64_TO_32_BIT_CONVERSION = YES;
				GCC_WARN_ABOUT_RETURN_TYPE = YES_ERROR;
				GCC_WARN_UNDECLARED_SELECTOR = YES;
				GCC_WARN_UNINITIALIZED_AUTOS = YES_AGGRESSIVE;
				GCC_WARN_UNUSED_FUNCTION = YES;
				GCC_WARN_UNUSED_VARIABLE = YES;
				IPHONEOS_DEPLOYMENT_TARGET = 10.3;
				MTL_ENABLE_DEBUG_INFO = YES;
				ONLY_ACTIVE_ARCH = YES;
				SDKROOT = iphoneos;
				TARGETED_DEVICE_FAMILY = "1,2";
			};
			name = Debug;
		};
		7B6C82A21FB9AF2500F5AA56 /* Release */ = {
			isa = XCBuildConfiguration;
			buildSettings = {
				ALWAYS_SEARCH_USER_PATHS = NO;
				CLANG_ANALYZER_NONNULL = YES;
				CLANG_ANALYZER_NUMBER_OBJECT_CONVERSION = YES_AGGRESSIVE;
				CLANG_CXX_LANGUAGE_STANDARD = "gnu++0x";
				CLANG_CXX_LIBRARY = "libc++";
				CLANG_ENABLE_MODULES = YES;
				CLANG_ENABLE_OBJC_ARC = YES;
				CLANG_WARN_BOOL_CONVERSION = YES;
				CLANG_WARN_CONSTANT_CONVERSION = YES;
				CLANG_WARN_DIRECT_OBJC_ISA_USAGE = YES_ERROR;
				CLANG_WARN_DOCUMENTATION_COMMENTS = YES;
				CLANG_WARN_EMPTY_BODY = YES;
				CLANG_WARN_ENUM_CONVERSION = YES;
				CLANG_WARN_INFINITE_RECURSION = YES;
				CLANG_WARN_INT_CONVERSION = YES;
				CLANG_WARN_OBJC_ROOT_CLASS = YES_ERROR;
				CLANG_WARN_SUSPICIOUS_MOVE = YES;
				CLANG_WARN_UNREACHABLE_CODE = YES;
				CLANG_WARN__DUPLICATE_METHOD_MATCH = YES;
				"CODE_SIGN_IDENTITY[sdk=iphoneos*]" = "iPhone Developer";
				COPY_PHASE_STRIP = NO;
				DEBUG_INFORMATION_FORMAT = "dwarf-with-dsym";
				ENABLE_NS_ASSERTIONS = NO;
				ENABLE_STRICT_OBJC_MSGSEND = YES;
				GCC_C_LANGUAGE_STANDARD = gnu99;
				GCC_NO_COMMON_BLOCKS = YES;
				GCC_WARN_64_TO_32_BIT_CONVERSION = YES;
				GCC_WARN_ABOUT_RETURN_TYPE = YES_ERROR;
				GCC_WARN_UNDECLARED_SELECTOR = YES;
				GCC_WARN_UNINITIALIZED_AUTOS = YES_AGGRESSIVE;
				GCC_WARN_UNUSED_FUNCTION = YES;
				GCC_WARN_UNUSED_VARIABLE = YES;
				IPHONEOS_DEPLOYMENT_TARGET = 10.3;
				MTL_ENABLE_DEBUG_INFO = NO;
				SDKROOT = iphoneos;
				TARGETED_DEVICE_FAMILY = "1,2";
				VALIDATE_PRODUCT = YES;
			};
			name = Release;
		};
		7B6C82A41FB9AF2500F5AA56 /* Debug */ = {
			isa = XCBuildConfiguration;
			buildSettings = {
				ASSETCATALOG_COMPILER_APPICON_NAME = AppIcon;
				INFOPLIST_FILE = Game/Info.plist;
				IPHONEOS_DEPLOYMENT_TARGET = 10.0;
				LD_RUNPATH_SEARCH_PATHS = "$(inherited) @executable_path/Frameworks";
				PRODUCT_BUNDLE_IDENTIFIER = Leeds.ac.uk.Game;
				PRODUCT_NAME = "$(TARGET_NAME)";
			};
			name = Debug;
		};
		7B6C82A51FB9AF2500F5AA56 /* Release */ = {
			isa = XCBuildConfiguration;
			buildSettings = {
				ASSETCATALOG_COMPILER_APPICON_NAME = AppIcon;
				INFOPLIST_FILE = Game/Info.plist;
				IPHONEOS_DEPLOYMENT_TARGET = 10.0;
				LD_RUNPATH_SEARCH_PATHS = "$(inherited) @executable_path/Frameworks";
				PRODUCT_BUNDLE_IDENTIFIER = Leeds.ac.uk.Game;
				PRODUCT_NAME = "$(TARGET_NAME)";
			};
			name = Release;
		};
		7B6C82A71FB9AF2500F5AA56 /* Debug */ = {
			isa = XCBuildConfiguration;
			buildSettings = {
				BUNDLE_LOADER = "$(TEST_HOST)";
				INFOPLIST_FILE = GameTests/Info.plist;
				LD_RUNPATH_SEARCH_PATHS = "$(inherited) @executable_path/Frameworks @loader_path/Frameworks";
				PRODUCT_BUNDLE_IDENTIFIER = Leeds.ac.uk.GameTests;
				PRODUCT_NAME = "$(TARGET_NAME)";
				TEST_HOST = "$(BUILT_PRODUCTS_DIR)/Game.app/Game";
			};
			name = Debug;
		};
		7B6C82A81FB9AF2500F5AA56 /* Release */ = {
			isa = XCBuildConfiguration;
			buildSettings = {
				BUNDLE_LOADER = "$(TEST_HOST)";
				INFOPLIST_FILE = GameTests/Info.plist;
				LD_RUNPATH_SEARCH_PATHS = "$(inherited) @executable_path/Frameworks @loader_path/Frameworks";
				PRODUCT_BUNDLE_IDENTIFIER = Leeds.ac.uk.GameTests;
				PRODUCT_NAME = "$(TARGET_NAME)";
				TEST_HOST = "$(BUILT_PRODUCTS_DIR)/Game.app/Game";
			};
			name = Release;
		};
		7B6C82AA1FB9AF2500F5AA56 /* Debug */ = {
			isa = XCBuildConfiguration;
			buildSettings = {
				INFOPLIST_FILE = GameUITests/Info.plist;
				LD_RUNPATH_SEARCH_PATHS = "$(inherited) @executable_path/Frameworks @loader_path/Frameworks";
				PRODUCT_BUNDLE_IDENTIFIER = Leeds.ac.uk.GameUITests;
				PRODUCT_NAME = "$(TARGET_NAME)";
				TEST_TARGET_NAME = Game;
			};
			name = Debug;
		};
		7B6C82AB1FB9AF2500F5AA56 /* Release */ = {
			isa = XCBuildConfiguration;
			buildSettings = {
				INFOPLIST_FILE = GameUITests/Info.plist;
				LD_RUNPATH_SEARCH_PATHS = "$(inherited) @executable_path/Frameworks @loader_path/Frameworks";
				PRODUCT_BUNDLE_IDENTIFIER = Leeds.ac.uk.GameUITests;
				PRODUCT_NAME = "$(TARGET_NAME)";
				TEST_TARGET_NAME = Game;
			};
			name = Release;
		};
/* End XCBuildConfiguration section */

/* Begin XCConfigurationList section */
		7B6C82711FB9AF2500F5AA56 /* Build configuration list for PBXProject "Game" */ = {
			isa = XCConfigurationList;
			buildConfigurations = (
				7B6C82A11FB9AF2500F5AA56 /* Debug */,
				7B6C82A21FB9AF2500F5AA56 /* Release */,
			);
			defaultConfigurationIsVisible = 0;
			defaultConfigurationName = Release;
		};
		7B6C82A31FB9AF2500F5AA56 /* Build configuration list for PBXNativeTarget "Game" */ = {
			isa = XCConfigurationList;
			buildConfigurations = (
				7B6C82A41FB9AF2500F5AA56 /* Debug */,
				7B6C82A51FB9AF2500F5AA56 /* Release */,
			);
			defaultConfigurationIsVisible = 0;
			defaultConfigurationName = Release;
		};
		7B6C82A61FB9AF2500F5AA56 /* Build configuration list for PBXNativeTarget "GameTests" */ = {
			isa = XCConfigurationList;
			buildConfigurations = (
				7B6C82A71FB9AF2500F5AA56 /* Debug */,
				7B6C82A81FB9AF2500F5AA56 /* Release */,
			);
			defaultConfigurationIsVisible = 0;
			defaultConfigurationName = Release;
		};
		7B6C82A91FB9AF2500F5AA56 /* Build configuration list for PBXNativeTarget "GameUITests" */ = {
			isa = XCConfigurationList;
			buildConfigurations = (
				7B6C82AA1FB9AF2500F5AA56 /* Debug */,
				7B6C82AB1FB9AF2500F5AA56 /* Release */,
			);
			defaultConfigurationIsVisible = 0;
			defaultConfigurationName = Release;
		};
/* End XCConfigurationList section */
	};
	rootObject = 7B6C826E1FB9AF2500F5AA56 /* Project object */;
}
